# This file is automatically @generated by Poetry 2.0.1 and should not be changed by hand.

[[package]]
name = "arrow"
version = "1.3.0"
description = "Better dates & times for Python"
optional = false
python-versions = ">=3.8"
groups = ["main"]
files = [
    {file = "arrow-1.3.0-py3-none-any.whl", hash = "sha256:c728b120ebc00eb84e01882a6f5e7927a53960aa990ce7dd2b10f39005a67f80"},
    {file = "arrow-1.3.0.tar.gz", hash = "sha256:d4540617648cb5f895730f1ad8c82a65f2dad0166f57b75f3ca54759c4d67a85"},
]

[package.dependencies]
python-dateutil = ">=2.7.0"
types-python-dateutil = ">=2.8.10"

[package.extras]
doc = ["doc8", "sphinx (>=7.0.0)", "sphinx-autobuild", "sphinx-autodoc-typehints", "sphinx_rtd_theme (>=1.3.0)"]
test = ["dateparser (==1.*)", "pre-commit", "pytest", "pytest-cov", "pytest-mock", "pytz (==2021.1)", "simplejson (==3.*)"]

[[package]]
name = "astroid"
version = "3.3.8"
description = "An abstract syntax tree for Python with inference support."
optional = false
python-versions = ">=3.9.0"
groups = ["main"]
files = [
    {file = "astroid-3.3.8-py3-none-any.whl", hash = "sha256:187ccc0c248bfbba564826c26f070494f7bc964fd286b6d9fff4420e55de828c"},
    {file = "astroid-3.3.8.tar.gz", hash = "sha256:a88c7994f914a4ea8572fac479459f4955eeccc877be3f2d959a33273b0cf40b"},
]

[[package]]
name = "colorama"
version = "0.4.6"
description = "Cross-platform colored terminal text."
optional = false
python-versions = "!=3.0.*,!=3.1.*,!=3.2.*,!=3.3.*,!=3.4.*,!=3.5.*,!=3.6.*,>=2.7"
groups = ["main"]
markers = "sys_platform == \"win32\""
files = [
    {file = "colorama-0.4.6-py2.py3-none-any.whl", hash = "sha256:4f1d9991f5acc0ca119f9d443620b77f9d6b33703e51011c16baf57afb285fc6"},
    {file = "colorama-0.4.6.tar.gz", hash = "sha256:08695f5cb7ed6e0531a20572697297273c47b8cae5a63ffc6d6ed5c201be6e44"},
]

[[package]]
name = "dill"
version = "0.3.9"
description = "serialize all of Python"
optional = false
python-versions = ">=3.8"
groups = ["main"]
files = [
    {file = "dill-0.3.9-py3-none-any.whl", hash = "sha256:468dff3b89520b474c0397703366b7b95eebe6303f108adf9b19da1f702be87a"},
    {file = "dill-0.3.9.tar.gz", hash = "sha256:81aa267dddf68cbfe8029c42ca9ec6a4ab3b22371d1c450abc54422577b4512c"},
]

[package.extras]
graph = ["objgraph (>=1.7.2)"]
profile = ["gprof2dot (>=2022.7.29)"]

[[package]]
name = "isort"
version = "6.0.0"
description = "A Python utility / library to sort Python imports."
optional = false
python-versions = ">=3.9.0"
groups = ["main"]
files = [
    {file = "isort-6.0.0-py3-none-any.whl", hash = "sha256:567954102bb47bb12e0fae62606570faacddd441e45683968c8d1734fb1af892"},
    {file = "isort-6.0.0.tar.gz", hash = "sha256:75d9d8a1438a9432a7d7b54f2d3b45cad9a4a0fdba43617d9873379704a8bdf1"},
]

[package.extras]
colors = ["colorama"]
plugins = ["setuptools"]

[[package]]
name = "mccabe"
version = "0.7.0"
description = "McCabe checker, plugin for flake8"
optional = false
python-versions = ">=3.6"
groups = ["main"]
files = [
    {file = "mccabe-0.7.0-py2.py3-none-any.whl", hash = "sha256:6c2d30ab6be0e4a46919781807b4f0d834ebdd6c6e3dca0bda5a15f863427b6e"},
    {file = "mccabe-0.7.0.tar.gz", hash = "sha256:348e0240c33b60bbdf4e523192ef919f28cb2c3d7d5c7794f74009290f236325"},
]

[[package]]
name = "platformdirs"
version = "4.3.6"
description = "A small Python package for determining appropriate platform-specific dirs, e.g. a `user data dir`."
optional = false
python-versions = ">=3.8"
groups = ["main"]
files = [
    {file = "platformdirs-4.3.6-py3-none-any.whl", hash = "sha256:73e575e1408ab8103900836b97580d5307456908a03e92031bab39e4554cc3fb"},
    {file = "platformdirs-4.3.6.tar.gz", hash = "sha256:357fb2acbc885b0419afd3ce3ed34564c13c9b95c89360cd9563f73aa5e2b907"},
]

[package.extras]
docs = ["furo (>=2024.8.6)", "proselint (>=0.14)", "sphinx (>=8.0.2)", "sphinx-autodoc-typehints (>=2.4)"]
test = ["appdirs (==1.4.4)", "covdefaults (>=2.3)", "pytest (>=8.3.2)", "pytest-cov (>=5)", "pytest-mock (>=3.14)"]
type = ["mypy (>=1.11.2)"]

[[package]]
name = "pylint"
version = "3.3.4"
description = "python code static checker"
optional = false
python-versions = ">=3.9.0"
groups = ["main"]
files = [
    {file = "pylint-3.3.4-py3-none-any.whl", hash = "sha256:289e6a1eb27b453b08436478391a48cd53bb0efb824873f949e709350f3de018"},
    {file = "pylint-3.3.4.tar.gz", hash = "sha256:74ae7a38b177e69a9b525d0794bd8183820bfa7eb68cc1bee6e8ed22a42be4ce"},
]

[package.dependencies]
astroid = ">=3.3.8,<=3.4.0-dev0"
colorama = {version = ">=0.4.5", markers = "sys_platform == \"win32\""}
dill = {version = ">=0.3.7", markers = "python_version >= \"3.12\""}
isort = ">=4.2.5,<5.13.0 || >5.13.0,<7"
mccabe = ">=0.6,<0.8"
platformdirs = ">=2.2.0"
tomlkit = ">=0.10.1"

[package.extras]
spelling = ["pyenchant (>=3.2,<4.0)"]
testutils = ["gitpython (>3)"]

[[package]]
name = "python-dateutil"
version = "2.9.0.post0"
description = "Extensions to the standard Python datetime module"
optional = false
python-versions = "!=3.0.*,!=3.1.*,!=3.2.*,>=2.7"
groups = ["main"]
files = [
    {file = "python-dateutil-2.9.0.post0.tar.gz", hash = "sha256:37dd54208da7e1cd875388217d5e00ebd4179249f90fb72437e91a35459a0ad3"},
    {file = "python_dateutil-2.9.0.post0-py2.py3-none-any.whl", hash = "sha256:a8b2bc7bffae282281c8140a97d3aa9c14da0b136dfe83f850eea9a5f7470427"},
]

[package.dependencies]
six = ">=1.5"

[[package]]
name = "python-dotenv"
version = "1.0.1"
description = "Read key-value pairs from a .env file and set them as environment variables"
optional = false
python-versions = ">=3.8"
groups = ["main"]
files = [
    {file = "python-dotenv-1.0.1.tar.gz", hash = "sha256:e324ee90a023d808f1959c46bcbc04446a10ced277783dc6ee09987c37ec10ca"},
    {file = "python_dotenv-1.0.1-py3-none-any.whl", hash = "sha256:f7b63ef50f1b690dddf550d03497b66d609393b40b564ed0d674909a68ebf16a"},
]

[package.extras]
cli = ["click (>=5.0)"]

[[package]]
name = "six"
version = "1.17.0"
description = "Python 2 and 3 compatibility utilities"
optional = false
python-versions = "!=3.0.*,!=3.1.*,!=3.2.*,>=2.7"
groups = ["main"]
files = [
    {file = "six-1.17.0-py2.py3-none-any.whl", hash = "sha256:4721f391ed90541fddacab5acf947aa0d3dc7d27b2e1e8eda2be8970586c3274"},
    {file = "six-1.17.0.tar.gz", hash = "sha256:ff70335d468e7eb6ec65b95b99d3a2836546063f63acc5171de367e834932a81"},
]

[[package]]
name = "tomlkit"
version = "0.13.2"
description = "Style preserving TOML library"
optional = false
python-versions = ">=3.8"
groups = ["main"]
files = [
    {file = "tomlkit-0.13.2-py3-none-any.whl", hash = "sha256:7a974427f6e119197f670fbbbeae7bef749a6c14e793db934baefc1b5f03efde"},
    {file = "tomlkit-0.13.2.tar.gz", hash = "sha256:fff5fe59a87295b278abd31bec92c15d9bc4a06885ab12bcea52c71119392e79"},
]

[[package]]
name = "types-python-dateutil"
version = "2.9.0.20241206"
description = "Typing stubs for python-dateutil"
optional = false
python-versions = ">=3.8"
groups = ["main"]
files = [
    {file = "types_python_dateutil-2.9.0.20241206-py3-none-any.whl", hash = "sha256:e248a4bc70a486d3e3ec84d0dc30eec3a5f979d6e7ee4123ae043eedbb987f53"},
    {file = "types_python_dateutil-2.9.0.20241206.tar.gz", hash = "sha256:18f493414c26ffba692a72369fea7a154c502646301ebfe3d56a04b3767284cb"},
]

[metadata]
lock-version = "2.1"
python-versions = ">=3.13"
content-hash = "d29b8ca85aa3722c71c46cfa5904782546b82b171b5f68087039cda498f306d6"
